
Microsoft Visual Studio Solution File, Format Version 12.00
# Visual Studio 2012
Project("{FAE04EC0-301F-11D3-BF4B-00C04F79EFBC}") = "VisualStudioSolutionFileParser.Tests", "VisualStudioSolutionFileParser.Tests\VisualStudioSolutionFileParser.Tests.csproj", "{E7E4B065-8F6A-4710-8D64-B63BA397369C}"
EndProject
Project("{2150E333-8FDC-42A3-9474-1A3956D46DE8}") = ".nuget", ".nuget", "{87060174-509E-4861-BB6C-237AED5BB043}"
	ProjectSection(SolutionItems) = preProject
		.nuget\NuGet.Config = .nuget\NuGet.Config
		.nuget\NuGet.exe = .nuget\NuGet.exe
		.nuget\NuGet.targets = .nuget\NuGet.targets
	EndProjectSection
EndProject
Project("{F2A71F9B-5D33-465A-A702-920D77279786}") = "Viper.Parsing", "Viper.Parsing\Viper.Parsing.fsproj", "{E7155F6D-619E-4A72-A687-30466D60502D}"
EndProject
Project("{FAE04EC0-301F-11D3-BF4B-00C04F79EFBC}") = "Viper.Model", "Viper.Model\Viper.Model.csproj", "{7CFB8F2E-D8A8-4421-A661-FE34D6FCF7D9}"
EndProject
Project("{F2A71F9B-5D33-465A-A702-920D77279786}") = "Viper.Parsing.Tests", "Viper.Parsing.Tests\Viper.Parsing.Tests.fsproj", "{5A01ADBC-3A41-4236-954B-E5FB4EF6590E}"
EndProject
Global
	GlobalSection(SolutionConfigurationPlatforms) = preSolution
		Debug|Any CPU = Debug|Any CPU
		Release|Any CPU = Release|Any CPU
	EndGlobalSection
	GlobalSection(ProjectConfigurationPlatforms) = postSolution
		{E7E4B065-8F6A-4710-8D64-B63BA397369C}.Debug|Any CPU.ActiveCfg = Debug|Any CPU
		{E7E4B065-8F6A-4710-8D64-B63BA397369C}.Debug|Any CPU.Build.0 = Debug|Any CPU
		{E7E4B065-8F6A-4710-8D64-B63BA397369C}.Release|Any CPU.ActiveCfg = Release|Any CPU
		{E7E4B065-8F6A-4710-8D64-B63BA397369C}.Release|Any CPU.Build.0 = Release|Any CPU
		{E7155F6D-619E-4A72-A687-30466D60502D}.Debug|Any CPU.ActiveCfg = Debug|Any CPU
		{E7155F6D-619E-4A72-A687-30466D60502D}.Debug|Any CPU.Build.0 = Debug|Any CPU
		{E7155F6D-619E-4A72-A687-30466D60502D}.Release|Any CPU.ActiveCfg = Release|Any CPU
		{E7155F6D-619E-4A72-A687-30466D60502D}.Release|Any CPU.Build.0 = Release|Any CPU
		{7CFB8F2E-D8A8-4421-A661-FE34D6FCF7D9}.Debug|Any CPU.ActiveCfg = Debug|Any CPU
		{7CFB8F2E-D8A8-4421-A661-FE34D6FCF7D9}.Debug|Any CPU.Build.0 = Debug|Any CPU
		{7CFB8F2E-D8A8-4421-A661-FE34D6FCF7D9}.Release|Any CPU.ActiveCfg = Release|Any CPU
		{7CFB8F2E-D8A8-4421-A661-FE34D6FCF7D9}.Release|Any CPU.Build.0 = Release|Any CPU
		{5A01ADBC-3A41-4236-954B-E5FB4EF6590E}.Debug|Any CPU.ActiveCfg = Debug|Any CPU
		{5A01ADBC-3A41-4236-954B-E5FB4EF6590E}.Debug|Any CPU.Build.0 = Debug|Any CPU
		{5A01ADBC-3A41-4236-954B-E5FB4EF6590E}.Release|Any CPU.ActiveCfg = Release|Any CPU
		{5A01ADBC-3A41-4236-954B-E5FB4EF6590E}.Release|Any CPU.Build.0 = Release|Any CPU
	EndGlobalSection
	GlobalSection(SolutionProperties) = preSolution
		HideSolutionNode = FALSE
	EndGlobalSection
EndGlobal
